
Microsoft Visual Studio Solution File, Format Version 12.00
# Visual Studio Version 17
VisualStudioVersion = 17.9.34622.214
MinimumVisualStudioVersion = 10.0.40219.1
Project("{FAE04EC0-301F-11D3-BF4B-00C04F79EFBC}") = "RazorSyntaxDemo", "RazorSyntaxDemo.csproj", "{8E5AA8D2-5648-4814-A963-F8DF0D5D614C}"
EndProject
Global
	GlobalSection(SolutionConfigurationPlatforms) = preSolution
		Debug|Any CPU = Debug|Any CPU
		Release|Any CPU = Release|Any CPU
	EndGlobalSection
	GlobalSection(ProjectConfigurationPlatforms) = postSolution
		{8E5AA8D2-5648-4814-A963-F8DF0D5D614C}.Debug|Any CPU.ActiveCfg = Debug|Any CPU
		{8E5AA8D2-5648-4814-A963-F8DF0D5D614C}.Debug|Any CPU.Build.0 = Debug|Any CPU
		{8E5AA8D2-5648-4814-A963-F8DF0D5D614C}.Release|Any CPU.ActiveCfg = Release|Any CPU
		{8E5AA8D2-5648-4814-A963-F8DF0D5D614C}.Release|Any CPU.Build.0 = Release|Any CPU
	EndGlobalSection
	GlobalSection(SolutionProperties) = preSolution
		HideSolutionNode = FALSE
	EndGlobalSection
	GlobalSection(ExtensibilityGlobals) = postSolution
		SolutionGuid = {09E7E3D5-EA9F-4F7C-A125-DDF51CBC5A71}
	EndGlobalSection
EndGlobal
